
Microsoft Visual Studio Solution File, Format Version 12.00
# Visual Studio Version 17
VisualStudioVersion = 17.14.36301.6 d17.14
MinimumVisualStudioVersion = 10.0.40219.1
Project("{FAE04EC0-301F-11D3-BF4B-00C04F79EFBC}") = "Poseidon", "Poseidon.csproj", "{61B5112B-09FC-4B7A-B618-CE2673F60E56}"
EndProject
Global
	GlobalSection(SolutionConfigurationPlatforms) = preSolution
		Debug|Any CPU = Debug|Any CPU
		Release|Any CPU = Release|Any CPU
	EndGlobalSection
	GlobalSection(ProjectConfigurationPlatforms) = postSolution
		{61B5112B-09FC-4B7A-B618-CE2673F60E56}.Debug|Any CPU.ActiveCfg = Debug|Any CPU
		{61B5112B-09FC-4B7A-B618-CE2673F60E56}.Debug|Any CPU.Build.0 = Debug|Any CPU
		{61B5112B-09FC-4B7A-B618-CE2673F60E56}.Release|Any CPU.ActiveCfg = Release|Any CPU
		{61B5112B-09FC-4B7A-B618-CE2673F60E56}.Release|Any CPU.Build.0 = Release|Any CPU
	EndGlobalSection
	GlobalSection(SolutionProperties) = preSolution
		HideSolutionNode = FALSE
	EndGlobalSection
	GlobalSection(ExtensibilityGlobals) = postSolution
		SolutionGuid = {9DF0D0C7-651B-4BF1-8F21-56A38DEFD3D6}
	EndGlobalSection
EndGlobal
